<?xml version="1.0" encoding="utf-8"?>
<Project ToolsVersion="4.0" xmlns="http://schemas.microsoft.com/developer/msbuild/2003">
  <ItemGroup>
    <Filter Include="Source Files">
      <UniqueIdentifier>{4FC737F1-C7A5-4376-A066-2A32D752A2FF}</UniqueIdentifier>
      <Extensions>cpp;c;cc;cxx;def;odl;idl;hpj;bat;asm;asmx</Extensions>
    </Filter>
    <Filter Include="Header Files">
      <UniqueIdentifier>{93995380-89BD-4b04-88EB-625FBE52EBFB}</UniqueIdentifier>
      <Extensions>h;hh;hpp;hxx;hm;inl;inc;xsd</Extensions>
    </Filter>
    <Filter Include="Resource Files">
      <UniqueIdentifier>{67DA6AB6-F800-4c08-8B7A-83BB121AAD01}</UniqueIdentifier>
      <Extensions>rc;ico;cur;bmp;dlg;rc2;rct;bin;rgs;gif;jpg;jpeg;jpe;resx;tiff;tif;png;wav;mfcribbon-ms</Extensions>
    </Filter>
    <Filter Include="SparseVoxelOctree">
      <UniqueIdentifier>{3524c7b0-2043-4c1e-84dc-361135c86bae}</UniqueIdentifier>
    </Filter>
    <Filter Include="NanoFLANN">
      <UniqueIdentifier>{8472ac20-6df6-484a-82ee-c24c71aaeb95}</UniqueIdentifier>
    </Filter>
    <Filter Include="Tree-Structure">
      <UniqueIdentifier>{171571d2-1ce7-44af-81df-e9f7cdb63755}</UniqueIdentifier>
    </Filter>
    <Filter Include="PC-Octree">
      <UniqueIdentifier>{1e5df722-7fb4-47a8-ac11-ea30f7f80a34}</UniqueIdentifier>
    </Filter>
    <Filter Include="Tree-Structure\VTK">
      <UniqueIdentifier>{da3f86a5-d86f-4451-8178-4f3f08f188ca}</UniqueIdentifier>
    </Filter>
  </ItemGroup>
  <ItemGroup>
    <ClInclude Include="FBO.h">
      <Filter>Source Files</Filter>
    </ClInclude>
    <ClInclude Include="HalfEdgeMesh.h">
      <Filter>Source Files</Filter>
    </ClInclude>
    <ClInclude Include="helper.h">
      <Filter>Source Files</Filter>
    </ClInclude>
    <ClInclude Include="InstancedMesh.h">
      <Filter>Source Files</Filter>
    </ClInclude>
    <ClInclude Include="khronosComputeShader.h">
      <Filter>Source Files</Filter>
    </ClInclude>
    <ClInclude Include="loadPNG.h">
      <Filter>Source Files</Filter>
    </ClInclude>
    <ClInclude Include="marchingCubes.h">
      <Filter>Source Files</Filter>
    </ClInclude>
    <ClInclude Include="marchingCubesVolume.h">
      <Filter>Source Files</Filter>
    </ClInclude>
    <ClInclude Include="mathConstants.h">
      <Filter>Source Files</Filter>
    </ClInclude>
    <ClInclude Include="MeshResampler.h">
      <Filter>Source Files</Filter>
    </ClInclude>
    <ClInclude Include="Shader.h">
      <Filter>Source Files</Filter>
    </ClInclude>
    <ClInclude Include="Skybox.h">
      <Filter>Source Files</Filter>
    </ClInclude>
    <ClInclude Include="stb_image.h">
      <Filter>Source Files</Filter>
    </ClInclude>
    <ClInclude Include="Texture.h">
      <Filter>Source Files</Filter>
    </ClInclude>
    <ClInclude Include="times.h">
      <Filter>Source Files</Filter>
    </ClInclude>
    <ClInclude Include="trimesh_types.h">
      <Filter>Source Files</Filter>
    </ClInclude>
    <ClInclude Include="VTKfile.h">
      <Filter>Tree-Structure\VTK</Filter>
    </ClInclude>
    <ClInclude Include="nanoflann.h">
      <Filter>NanoFLANN</Filter>
    </ClInclude>
    <ClInclude Include="SVO.h">
      <Filter>SparseVoxelOctree</Filter>
    </ClInclude>
    <ClInclude Include="nanoflannHelper.h">
      <Filter>NanoFLANN</Filter>
    </ClInclude>
    <ClInclude Include="tree.hh">
      <Filter>Tree-Structure</Filter>
    </ClInclude>
    <ClInclude Include="BST.h">
      <Filter>Tree-Structure</Filter>
    </ClInclude>
    <ClInclude Include="tree_util.hh">
      <Filter>Tree-Structure</Filter>
    </ClInclude>
    <ClInclude Include="BinaryTree.h">
      <Filter>Tree-Structure</Filter>
    </ClInclude>
    <ClInclude Include="KDTree.h">
      <Filter>Tree-Structure</Filter>
    </ClInclude>
    <ClInclude Include="PC_Octree.h">
      <Filter>PC-Octree</Filter>
    </ClInclude>
    <ClInclude Include="Node.h">
      <Filter>PC-Octree</Filter>
    </ClInclude>
    <ClInclude Include="ObjToPcd.h">
      <Filter>PC-Octree</Filter>
    </ClInclude>
    <ClInclude Include="PC_OctreeSparse.h">
      <Filter>PC-Octree</Filter>
    </ClInclude>
  </ItemGroup>
  <ItemGroup>
    <ClCompile Include="HalfEdgeMesh.cpp">
      <Filter>Source Files</Filter>
    </ClCompile>
    <ClCompile Include="helper.cpp">
      <Filter>Source Files</Filter>
    </ClCompile>
    <ClCompile Include="loadPNG.cpp">
      <Filter>Source Files</Filter>
    </ClCompile>
    <ClCompile Include="main.cpp">
      <Filter>Source Files</Filter>
    </ClCompile>
    <ClCompile Include="marchingCubesVolume.cpp">
      <Filter>Source Files</Filter>
    </ClCompile>
    <ClCompile Include="MeshResampler.cpp">
      <Filter>Source Files</Filter>
    </ClCompile>
    <ClCompile Include="times.cpp">
      <Filter>Source Files</Filter>
    </ClCompile>
    <ClCompile Include="VTKfile.cpp">
      <Filter>Tree-Structure\VTK</Filter>
    </ClCompile>
    <ClCompile Include="SVO.cpp">
      <Filter>SparseVoxelOctree</Filter>
    </ClCompile>
    <ClCompile Include="BinaryTree.cpp">
      <Filter>Tree-Structure</Filter>
    </ClCompile>
    <ClCompile Include="KDTree.cpp">
      <Filter>Tree-Structure</Filter>
    </ClCompile>
    <ClCompile Include="PC_Octree.cpp">
      <Filter>PC-Octree</Filter>
    </ClCompile>
    <ClCompile Include="PC_OctreeSparse.cpp">
      <Filter>PC-Octree</Filter>
    </ClCompile>
  </ItemGroup>
</Project>